
Microsoft Visual Studio Solution File, Format Version 12.00
# Visual Studio Version 17
VisualStudioVersion = 17.9.34728.123
MinimumVisualStudioVersion = 10.0.40219.1
Project("{FAE04EC0-301F-11D3-BF4B-00C04F79EFBC}") = "youtube dowload", "youtube dowload.csproj", "{37FE062B-60BF-482C-A892-4AEBF61CB474}"
EndProject
Global
	GlobalSection(SolutionConfigurationPlatforms) = preSolution
		Debug|Any CPU = Debug|Any CPU
		Release|Any CPU = Release|Any CPU
	EndGlobalSection
	GlobalSection(ProjectConfigurationPlatforms) = postSolution
		{37FE062B-60BF-482C-A892-4AEBF61CB474}.Debug|Any CPU.ActiveCfg = Debug|Any CPU
		{37FE062B-60BF-482C-A892-4AEBF61CB474}.Debug|Any CPU.Build.0 = Debug|Any CPU
		{37FE062B-60BF-482C-A892-4AEBF61CB474}.Release|Any CPU.ActiveCfg = Release|Any CPU
		{37FE062B-60BF-482C-A892-4AEBF61CB474}.Release|Any CPU.Build.0 = Release|Any CPU
	EndGlobalSection
	GlobalSection(SolutionProperties) = preSolution
		HideSolutionNode = FALSE
	EndGlobalSection
	GlobalSection(ExtensibilityGlobals) = postSolution
		SolutionGuid = {38ABA576-E928-4830-A539-34C4098F3C0A}
	EndGlobalSection
EndGlobal
